
Microsoft Visual Studio Solution File, Format Version 12.00
# Visual Studio Version 17
VisualStudioVersion = 17.5.002.0
MinimumVisualStudioVersion = 10.0.40219.1
Project("{9A19103F-16F7-4668-BE54-9A1E7A4F7556}") = "WebAPI8 - Backup", "WebAPI8 - Backup.csproj", "{F33ADB54-4107-4E8F-B605-5C2E649B9765}"
EndProject
Project("{9A19103F-16F7-4668-BE54-9A1E7A4F7556}") = "WebAPI8", "WebAPI8.csproj", "{DA0437AE-811A-4F4F-9E3C-36D99D0783E9}"
EndProject
Global
	GlobalSection(SolutionConfigurationPlatforms) = preSolution
		Debug|Any CPU = Debug|Any CPU
		Release|Any CPU = Release|Any CPU
	EndGlobalSection
	GlobalSection(ProjectConfigurationPlatforms) = postSolution
		{F33ADB54-4107-4E8F-B605-5C2E649B9765}.Debug|Any CPU.ActiveCfg = Debug|Any CPU
		{F33ADB54-4107-4E8F-B605-5C2E649B9765}.Debug|Any CPU.Build.0 = Debug|Any CPU
		{F33ADB54-4107-4E8F-B605-5C2E649B9765}.Release|Any CPU.ActiveCfg = Release|Any CPU
		{F33ADB54-4107-4E8F-B605-5C2E649B9765}.Release|Any CPU.Build.0 = Release|Any CPU
		{DA0437AE-811A-4F4F-9E3C-36D99D0783E9}.Debug|Any CPU.ActiveCfg = Debug|Any CPU
		{DA0437AE-811A-4F4F-9E3C-36D99D0783E9}.Debug|Any CPU.Build.0 = Debug|Any CPU
		{DA0437AE-811A-4F4F-9E3C-36D99D0783E9}.Release|Any CPU.ActiveCfg = Release|Any CPU
		{DA0437AE-811A-4F4F-9E3C-36D99D0783E9}.Release|Any CPU.Build.0 = Release|Any CPU
	EndGlobalSection
	GlobalSection(SolutionProperties) = preSolution
		HideSolutionNode = FALSE
	EndGlobalSection
	GlobalSection(ExtensibilityGlobals) = postSolution
		SolutionGuid = {AE60AF3C-332A-4A0B-BE0E-692146610082}
	EndGlobalSection
EndGlobal
